
Microsoft Visual Studio Solution File, Format Version 12.00
# Visual Studio 2013
VisualStudioVersion = 12.0.20827.3
MinimumVisualStudioVersion = 10.0.40219.1
Project("{FAE04EC0-301F-11D3-BF4B-00C04F79EFBC}") = "Week4Ex4", "Week4Ex4\Week4Ex4.csproj", "{2A90A7A9-247B-4790-A0DC-7EC965FE4A78}"
EndProject
Global
	GlobalSection(SolutionConfigurationPlatforms) = preSolution
		Debug|Any CPU = Debug|Any CPU
		Release|Any CPU = Release|Any CPU
	EndGlobalSection
	GlobalSection(ProjectConfigurationPlatforms) = postSolution
		{2A90A7A9-247B-4790-A0DC-7EC965FE4A78}.Debug|Any CPU.ActiveCfg = Debug|Any CPU
		{2A90A7A9-247B-4790-A0DC-7EC965FE4A78}.Debug|Any CPU.Build.0 = Debug|Any CPU
		{2A90A7A9-247B-4790-A0DC-7EC965FE4A78}.Release|Any CPU.ActiveCfg = Release|Any CPU
		{2A90A7A9-247B-4790-A0DC-7EC965FE4A78}.Release|Any CPU.Build.0 = Release|Any CPU
	EndGlobalSection
	GlobalSection(SolutionProperties) = preSolution
		HideSolutionNode = FALSE
	EndGlobalSection
EndGlobal
